
Microsoft Visual Studio Solution File, Format Version 12.00
# Visual Studio Version 16
VisualStudioVersion = 16.0.31321.278
MinimumVisualStudioVersion = 10.0.40219.1
Project("{FAE04EC0-301F-11D3-BF4B-00C04F79EFBC}") = "LtxMagayaCore", "LtxMagayaCore.csproj", "{54F075F7-2992-4722-B1DC-0B5D8B9AEA8F}"
EndProject
Project("{FAE04EC0-301F-11D3-BF4B-00C04F79EFBC}") = "LtxMagayaCore.Core.Domain", "..\LtxMagayaCore.Core.Domain\LtxMagayaCore.Core.Domain.csproj", "{DCC0CDE4-001C-424F-8066-12A703187B06}"
EndProject
Project("{FAE04EC0-301F-11D3-BF4B-00C04F79EFBC}") = "LtxMagayaCore.Infrastructure", "..\LtxMagayaCore.Infrastructure\LtxMagayaCore.Infrastructure.csproj", "{A737FD4E-C270-4DD0-9E61-37C1B09350B8}"
EndProject
Project("{FAE04EC0-301F-11D3-BF4B-00C04F79EFBC}") = "LtxMagayaCore.Core.Application", "..\LtxMagayaCore.Core.Application\LtxMagayaCore.Core.Application.csproj", "{24FFE684-2112-4F65-A4D4-838DF8DE7CE9}"
EndProject
Project("{FAE04EC0-301F-11D3-BF4B-00C04F79EFBC}") = "LtxMagayaCore.Infrastructure.IoC", "..\LtxMagayaCore.Infrastructure.IoC\LtxMagayaCore.Infrastructure.IoC.csproj", "{B2FEA5CE-F522-4AD1-B45F-20547DCAED16}"
EndProject
Global
	GlobalSection(SolutionConfigurationPlatforms) = preSolution
		Debug|Any CPU = Debug|Any CPU
		Release|Any CPU = Release|Any CPU
	EndGlobalSection
	GlobalSection(ProjectConfigurationPlatforms) = postSolution
		{54F075F7-2992-4722-B1DC-0B5D8B9AEA8F}.Debug|Any CPU.ActiveCfg = Debug|Any CPU
		{54F075F7-2992-4722-B1DC-0B5D8B9AEA8F}.Debug|Any CPU.Build.0 = Debug|Any CPU
		{54F075F7-2992-4722-B1DC-0B5D8B9AEA8F}.Release|Any CPU.ActiveCfg = Release|Any CPU
		{54F075F7-2992-4722-B1DC-0B5D8B9AEA8F}.Release|Any CPU.Build.0 = Release|Any CPU
		{DCC0CDE4-001C-424F-8066-12A703187B06}.Debug|Any CPU.ActiveCfg = Debug|Any CPU
		{DCC0CDE4-001C-424F-8066-12A703187B06}.Debug|Any CPU.Build.0 = Debug|Any CPU
		{DCC0CDE4-001C-424F-8066-12A703187B06}.Release|Any CPU.ActiveCfg = Release|Any CPU
		{DCC0CDE4-001C-424F-8066-12A703187B06}.Release|Any CPU.Build.0 = Release|Any CPU
		{A737FD4E-C270-4DD0-9E61-37C1B09350B8}.Debug|Any CPU.ActiveCfg = Debug|Any CPU
		{A737FD4E-C270-4DD0-9E61-37C1B09350B8}.Debug|Any CPU.Build.0 = Debug|Any CPU
		{A737FD4E-C270-4DD0-9E61-37C1B09350B8}.Release|Any CPU.ActiveCfg = Release|Any CPU
		{A737FD4E-C270-4DD0-9E61-37C1B09350B8}.Release|Any CPU.Build.0 = Release|Any CPU
		{24FFE684-2112-4F65-A4D4-838DF8DE7CE9}.Debug|Any CPU.ActiveCfg = Debug|Any CPU
		{24FFE684-2112-4F65-A4D4-838DF8DE7CE9}.Debug|Any CPU.Build.0 = Debug|Any CPU
		{24FFE684-2112-4F65-A4D4-838DF8DE7CE9}.Release|Any CPU.ActiveCfg = Release|Any CPU
		{24FFE684-2112-4F65-A4D4-838DF8DE7CE9}.Release|Any CPU.Build.0 = Release|Any CPU
		{B2FEA5CE-F522-4AD1-B45F-20547DCAED16}.Debug|Any CPU.ActiveCfg = Debug|Any CPU
		{B2FEA5CE-F522-4AD1-B45F-20547DCAED16}.Debug|Any CPU.Build.0 = Debug|Any CPU
		{B2FEA5CE-F522-4AD1-B45F-20547DCAED16}.Release|Any CPU.ActiveCfg = Release|Any CPU
		{B2FEA5CE-F522-4AD1-B45F-20547DCAED16}.Release|Any CPU.Build.0 = Release|Any CPU
	EndGlobalSection
	GlobalSection(SolutionProperties) = preSolution
		HideSolutionNode = FALSE
	EndGlobalSection
	GlobalSection(ExtensibilityGlobals) = postSolution
		SolutionGuid = {C4F2B943-572F-49BF-A1FC-BB13A2197656}
	EndGlobalSection
EndGlobal
